<?xml version="1.0" encoding="utf-8"?>
<Project ToolsVersion="4.0" xmlns="http://schemas.microsoft.com/developer/msbuild/2003">
  <ItemGroup>
    <Filter Include="Archivos de origen">
      <UniqueIdentifier>{4FC737F1-C7A5-4376-A066-2A32D752A2FF}</UniqueIdentifier>
      <Extensions>cpp;c;cc;cxx;c++;cppm;ixx;def;odl;idl;hpj;bat;asm;asmx</Extensions>
    </Filter>
    <Filter Include="Archivos de encabezado">
      <UniqueIdentifier>{93995380-89BD-4b04-88EB-625FBE52EBFB}</UniqueIdentifier>
      <Extensions>h;hh;hpp;hxx;h++;hm;inl;inc;ipp;xsd</Extensions>
    </Filter>
    <Filter Include="Archivos de recursos">
      <UniqueIdentifier>{67DA6AB6-F800-4c08-8B7A-83BB121AAD01}</UniqueIdentifier>
      <Extensions>rc;ico;cur;bmp;dlg;rc2;rct;bin;rgs;gif;jpg;jpeg;jpe;resx;tiff;tif;png;wav;mfcribbon-ms</Extensions>
    </Filter>
    <Filter Include="test">
      <UniqueIdentifier>{6c9d37e7-b185-4d78-89e2-ddcd5b9c0ac7}</UniqueIdentifier>
    </Filter>
    <Filter Include="private">
      <UniqueIdentifier>{7e37d9e4-3a4d-4ef4-9a13-4770946574a8}</UniqueIdentifier>
    </Filter>
  </ItemGroup>
  <ItemGroup>
    <ClCompile Include="drcandy.cpp">
      <Filter>Archivos de origen</Filter>
    </ClCompile>
    <ClCompile Include="..\..\drcandy_public_code_20260226\drcandy\src\board.cpp">
      <Filter>Archivos de origen</Filter>
    </ClCompile>
    <ClCompile Include="..\..\drcandy_public_code_20260226\drcandy\src\candy.cpp">
      <Filter>Archivos de origen</Filter>
    </ClCompile>
    <ClCompile Include="..\..\drcandy_public_code_20260226\drcandy\src\controller.cpp">
      <Filter>Archivos de origen</Filter>
    </ClCompile>
    <ClCompile Include="..\..\drcandy_public_code_20260226\drcandy\src\game.cpp">
      <Filter>Archivos de origen</Filter>
    </ClCompile>
    <ClCompile Include="..\..\drcandy_public_code_20260226\drcandy\src\graphics.cpp">
      <Filter>Archivos de origen</Filter>
    </ClCompile>
    <ClCompile Include="..\..\drcandy_public_code_20260226\drcandy\src\main.cpp">
      <Filter>Archivos de origen</Filter>
    </ClCompile>
    <ClCompile Include="..\..\drcandy_public_code_20260226\drcandy\src\util.cpp">
      <Filter>Archivos de origen</Filter>
    </ClCompile>
    <ClCompile Include="..\..\drcandy_public_code_20260226\drcandy\test\test.cpp">
      <Filter>test</Filter>
    </ClCompile>
    <ClCompile Include="..\..\drcandy_public_code_20260226\drcandy\src\private\sdl_wrapper\debug.cpp">
      <Filter>private</Filter>
    </ClCompile>
    <ClCompile Include="..\..\drcandy_public_code_20260226\drcandy\src\private\sdl_wrapper\image_png.cpp">
      <Filter>private</Filter>
    </ClCompile>
    <ClCompile Include="..\..\drcandy_public_code_20260226\drcandy\src\private\sdl_wrapper\keyboard.cpp">
      <Filter>private</Filter>
    </ClCompile>
    <ClCompile Include="..\..\drcandy_public_code_20260226\drcandy\src\private\sdl_wrapper\mouse.cpp">
      <Filter>private</Filter>
    </ClCompile>
    <ClCompile Include="..\..\drcandy_public_code_20260226\drcandy\src\private\sdl_wrapper\sound.cpp">
      <Filter>private</Filter>
    </ClCompile>
    <ClCompile Include="..\..\drcandy_public_code_20260226\drcandy\src\private\sdl_wrapper\sprites.cpp">
      <Filter>private</Filter>
    </ClCompile>
    <ClCompile Include="..\..\drcandy_public_code_20260226\drcandy\src\private\sdl_wrapper\stb_vorbis.cpp">
      <Filter>private</Filter>
    </ClCompile>
    <ClCompile Include="..\..\drcandy_public_code_20260226\drcandy\src\private\sdl_wrapper\video.cpp">
      <Filter>private</Filter>
    </ClCompile>
    <ClCompile Include="..\..\drcandy_public_code_20260226\drcandy\src\private\sdl_wrapper\NFont\NFont.cpp">
      <Filter>private</Filter>
    </ClCompile>
    <ClCompile Include="..\..\drcandy_public_code_20260226\drcandy\src\private\sdl_wrapper\NFont\SDL_FontCache.cpp">
      <Filter>private</Filter>
    </ClCompile>
  </ItemGroup>
  <ItemGroup>
    <ClInclude Include="..\..\drcandy_public_code_20260226\drcandy\src\board.h">
      <Filter>Archivos de encabezado</Filter>
    </ClInclude>
    <ClInclude Include="..\..\drcandy_public_code_20260226\drcandy\src\candy.h">
      <Filter>Archivos de encabezado</Filter>
    </ClInclude>
    <ClInclude Include="..\..\drcandy_public_code_20260226\drcandy\src\controller.h">
      <Filter>Archivos de encabezado</Filter>
    </ClInclude>
    <ClInclude Include="..\..\drcandy_public_code_20260226\drcandy\src\game.h">
      <Filter>Archivos de encabezado</Filter>
    </ClInclude>
    <ClInclude Include="..\..\drcandy_public_code_20260226\drcandy\src\graphics.h">
      <Filter>Archivos de encabezado</Filter>
    </ClInclude>
    <ClInclude Include="..\..\drcandy_public_code_20260226\drcandy\src\util.h">
      <Filter>Archivos de encabezado</Filter>
    </ClInclude>
    <ClInclude Include="..\..\drcandy_public_code_20260226\drcandy\test\test.h">
      <Filter>test</Filter>
    </ClInclude>
    <ClInclude Include="..\..\drcandy_public_code_20260226\drcandy\src\private\sdl_wrapper\debug.h">
      <Filter>private</Filter>
    </ClInclude>
    <ClInclude Include="..\..\drcandy_public_code_20260226\drcandy\src\private\sdl_wrapper\error.h">
      <Filter>private</Filter>
    </ClInclude>
    <ClInclude Include="..\..\drcandy_public_code_20260226\drcandy\src\private\sdl_wrapper\image_png.h">
      <Filter>private</Filter>
    </ClInclude>
    <ClInclude Include="..\..\drcandy_public_code_20260226\drcandy\src\private\sdl_wrapper\keyboard.h">
      <Filter>private</Filter>
    </ClInclude>
    <ClInclude Include="..\..\drcandy_public_code_20260226\drcandy\src\private\sdl_wrapper\keyboard_sdl.h">
      <Filter>private</Filter>
    </ClInclude>
    <ClInclude Include="..\..\drcandy_public_code_20260226\drcandy\src\private\sdl_wrapper\libreria.h">
      <Filter>private</Filter>
    </ClInclude>
    <ClInclude Include="..\..\drcandy_public_code_20260226\drcandy\src\private\sdl_wrapper\mouse.h">
      <Filter>private</Filter>
    </ClInclude>
    <ClInclude Include="..\..\drcandy_public_code_20260226\drcandy\src\private\sdl_wrapper\sound.h">
      <Filter>private</Filter>
    </ClInclude>
    <ClInclude Include="..\..\drcandy_public_code_20260226\drcandy\src\private\sdl_wrapper\sprites.h">
      <Filter>private</Filter>
    </ClInclude>
    <ClInclude Include="..\..\drcandy_public_code_20260226\drcandy\src\private\sdl_wrapper\stb_vorbis.h">
      <Filter>private</Filter>
    </ClInclude>
    <ClInclude Include="..\..\drcandy_public_code_20260226\drcandy\src\private\sdl_wrapper\video.h">
      <Filter>private</Filter>
    </ClInclude>
    <ClInclude Include="..\..\drcandy_public_code_20260226\drcandy\src\private\sdl_wrapper\NFont\NFont.h">
      <Filter>private</Filter>
    </ClInclude>
    <ClInclude Include="..\..\drcandy_public_code_20260226\drcandy\src\private\sdl_wrapper\NFont\NFont_gpu.h">
      <Filter>private</Filter>
    </ClInclude>
    <ClInclude Include="..\..\drcandy_public_code_20260226\drcandy\src\private\sdl_wrapper\NFont\SDL_FontCache.h">
      <Filter>private</Filter>
    </ClInclude>
  </ItemGroup>
</Project>